
Microsoft Visual Studio Solution File, Format Version 12.00
# Visual Studio Version 16
VisualStudioVersion = 16.0.30907.101
MinimumVisualStudioVersion = 10.0.40219.1
Project("{FAE04EC0-301F-11D3-BF4B-00C04F79EFBC}") = "Skladište", "Skladište\Skladište.csproj", "{71801504-E0C5-4751-BC1B-B57FBF0FF24F}"
EndProject
Global
	GlobalSection(SolutionConfigurationPlatforms) = preSolution
		Debug|Any CPU = Debug|Any CPU
		Release|Any CPU = Release|Any CPU
	EndGlobalSection
	GlobalSection(ProjectConfigurationPlatforms) = postSolution
		{71801504-E0C5-4751-BC1B-B57FBF0FF24F}.Debug|Any CPU.ActiveCfg = Debug|Any CPU
		{71801504-E0C5-4751-BC1B-B57FBF0FF24F}.Debug|Any CPU.Build.0 = Debug|Any CPU
		{71801504-E0C5-4751-BC1B-B57FBF0FF24F}.Release|Any CPU.ActiveCfg = Release|Any CPU
		{71801504-E0C5-4751-BC1B-B57FBF0FF24F}.Release|Any CPU.Build.0 = Release|Any CPU
	EndGlobalSection
	GlobalSection(SolutionProperties) = preSolution
		HideSolutionNode = FALSE
	EndGlobalSection
	GlobalSection(ExtensibilityGlobals) = postSolution
		SolutionGuid = {38BC591A-D837-457D-9B04-C0134F49051B}
	EndGlobalSection
EndGlobal
